
Microsoft Visual Studio Solution File, Format Version 12.00
# Visual Studio Version 17
VisualStudioVersion = 17.5.33502.453
MinimumVisualStudioVersion = 10.0.40219.1
Project("{FAE04EC0-301F-11D3-BF4B-00C04F79EFBC}") = "Degenerate", "Degenerate\Degenerate.csproj", "{2F47EE61-F493-443B-9DD5-51387F03F617}"
EndProject
Global
	GlobalSection(SolutionConfigurationPlatforms) = preSolution
		Debug|Any CPU = Debug|Any CPU
		Release|Any CPU = Release|Any CPU
	EndGlobalSection
	GlobalSection(ProjectConfigurationPlatforms) = postSolution
		{2F47EE61-F493-443B-9DD5-51387F03F617}.Debug|Any CPU.ActiveCfg = Debug|Any CPU
		{2F47EE61-F493-443B-9DD5-51387F03F617}.Debug|Any CPU.Build.0 = Debug|Any CPU
		{2F47EE61-F493-443B-9DD5-51387F03F617}.Release|Any CPU.ActiveCfg = Release|Any CPU
		{2F47EE61-F493-443B-9DD5-51387F03F617}.Release|Any CPU.Build.0 = Release|Any CPU
	EndGlobalSection
	GlobalSection(SolutionProperties) = preSolution
		HideSolutionNode = FALSE
	EndGlobalSection
	GlobalSection(ExtensibilityGlobals) = postSolution
		SolutionGuid = {8AB6B024-06D9-49D1-81D6-36573564612E}
	EndGlobalSection
EndGlobal
